
Microsoft Visual Studio Solution File, Format Version 12.00
# Visual Studio Version 17
VisualStudioVersion = 17.10.35027.167
MinimumVisualStudioVersion = 10.0.40219.1
Project("{9A19103F-16F7-4668-BE54-9A1E7A4F7556}") = "interactive-comments-section", "interactive-comments-section.csproj", "{137EC383-54B9-44C1-9910-78CFA0BC9FFE}"
EndProject
Global
	GlobalSection(SolutionConfigurationPlatforms) = preSolution
		Debug|Any CPU = Debug|Any CPU
		Release|Any CPU = Release|Any CPU
	EndGlobalSection
	GlobalSection(ProjectConfigurationPlatforms) = postSolution
		{137EC383-54B9-44C1-9910-78CFA0BC9FFE}.Debug|Any CPU.ActiveCfg = Debug|Any CPU
		{137EC383-54B9-44C1-9910-78CFA0BC9FFE}.Debug|Any CPU.Build.0 = Debug|Any CPU
		{137EC383-54B9-44C1-9910-78CFA0BC9FFE}.Release|Any CPU.ActiveCfg = Release|Any CPU
		{137EC383-54B9-44C1-9910-78CFA0BC9FFE}.Release|Any CPU.Build.0 = Release|Any CPU
	EndGlobalSection
	GlobalSection(SolutionProperties) = preSolution
		HideSolutionNode = FALSE
	EndGlobalSection
	GlobalSection(ExtensibilityGlobals) = postSolution
		SolutionGuid = {C3D09750-18BE-4F59-8697-0FD185104814}
	EndGlobalSection
EndGlobal
